<?xml version="1.0" encoding="utf-8"?>
<Project ToolsVersion="4.0" xmlns="http://schemas.microsoft.com/developer/msbuild/2003">
  <ItemGroup>
    <Filter Include="소스 파일">
      <UniqueIdentifier>{4FC737F1-C7A5-4376-A066-2A32D752A2FF}</UniqueIdentifier>
      <Extensions>cpp;c;cc;cxx;def;odl;idl;hpj;bat;asm;asmx</Extensions>
    </Filter>
    <Filter Include="헤더 파일">
      <UniqueIdentifier>{93995380-89BD-4b04-88EB-625FBE52EBFB}</UniqueIdentifier>
      <Extensions>h;hh;hpp;hxx;hm;inl;inc;ipp;xsd</Extensions>
    </Filter>
    <Filter Include="리소스 파일">
      <UniqueIdentifier>{67DA6AB6-F800-4c08-8B7A-83BB121AAD01}</UniqueIdentifier>
      <Extensions>rc;ico;cur;bmp;dlg;rc2;rct;bin;rgs;gif;jpg;jpeg;jpe;resx;tiff;tif;png;wav;mfcribbon-ms</Extensions>
    </Filter>
    <Filter Include="Character">
      <UniqueIdentifier>{7ac32c78-6e12-4008-ac4c-81d830e0ad9a}</UniqueIdentifier>
    </Filter>
    <Filter Include="GameMode">
      <UniqueIdentifier>{5a8fd59c-6f85-400a-bb8f-34aa33653bba}</UniqueIdentifier>
    </Filter>
    <Filter Include="Map">
      <UniqueIdentifier>{4cb7d965-5649-485a-9a66-4d83ce1f1bcc}</UniqueIdentifier>
    </Filter>
  </ItemGroup>
  <ItemGroup>
    <ClCompile Include="main.cpp">
      <Filter>소스 파일</Filter>
    </ClCompile>
    <ClCompile Include="CharacterData.cpp">
      <Filter>Character</Filter>
    </ClCompile>
    <ClCompile Include="PlayerCharacter.cpp">
      <Filter>Character</Filter>
    </ClCompile>
    <ClCompile Include="GameMode.cpp">
      <Filter>GameMode</Filter>
    </ClCompile>
    <ClCompile Include="GamePlayStatics.cpp">
      <Filter>소스 파일</Filter>
    </ClCompile>
    <ClCompile Include="RPSGameMode.cpp">
      <Filter>GameMode</Filter>
    </ClCompile>
    <ClCompile Include="MapData.cpp">
      <Filter>Map</Filter>
    </ClCompile>
  </ItemGroup>
  <ItemGroup>
    <ClInclude Include="GamePlayStatics.h">
      <Filter>헤더 파일</Filter>
    </ClInclude>
    <ClInclude Include="CharacterData.h">
      <Filter>Character</Filter>
    </ClInclude>
    <ClInclude Include="PlayerCharacter.h">
      <Filter>Character</Filter>
    </ClInclude>
    <ClInclude Include="GameMode.h">
      <Filter>GameMode</Filter>
    </ClInclude>
    <ClInclude Include="RPSGameMode.h">
      <Filter>GameMode</Filter>
    </ClInclude>
    <ClInclude Include="MapData.h">
      <Filter>Map</Filter>
    </ClInclude>
    <ClInclude Include="pch.h">
      <Filter>헤더 파일</Filter>
    </ClInclude>
    <ClInclude Include="Rand.h">
      <Filter>헤더 파일</Filter>
    </ClInclude>
  </ItemGroup>
</Project>